
Microsoft Visual Studio Solution File, Format Version 12.00
# Visual Studio 14
VisualStudioVersion = 14.0.25420.1
MinimumVisualStudioVersion = 10.0.40219.1
Project("{FAE04EC0-301F-11D3-BF4B-00C04F79EFBC}") = "PastebookModel", "PastebookModel\PastebookModel.csproj", "{07E09956-129C-41C9-A78E-34884DCEDB90}"
EndProject
Project("{FAE04EC0-301F-11D3-BF4B-00C04F79EFBC}") = "PastebookWCF", "PastebookService\PastebookWCF.csproj", "{6ACBD0AA-0F85-4EAB-A9FB-7A5909397A9C}"
EndProject
Project("{FAE04EC0-301F-11D3-BF4B-00C04F79EFBC}") = "PastebookWebApp", "PastebookWebApp\PastebookWebApp.csproj", "{9C75BCA2-FBBD-4A68-BE06-E684EA103B01}"
	ProjectSection(ProjectDependencies) = postProject
		{6ACBD0AA-0F85-4EAB-A9FB-7A5909397A9C} = {6ACBD0AA-0F85-4EAB-A9FB-7A5909397A9C}
	EndProjectSection
EndProject
Project("{FAE04EC0-301F-11D3-BF4B-00C04F79EFBC}") = "PastebookApp", "PastebookApp\PastebookApp.csproj", "{6AAEB6C3-0BD0-4071-AA5D-1575082796F8}"
	ProjectSection(ProjectDependencies) = postProject
		{6ACBD0AA-0F85-4EAB-A9FB-7A5909397A9C} = {6ACBD0AA-0F85-4EAB-A9FB-7A5909397A9C}
	EndProjectSection
EndProject
Project("{FAE04EC0-301F-11D3-BF4B-00C04F79EFBC}") = "PastebookApp.Tests", "PastebookApp.Tests\PastebookApp.Tests.csproj", "{A1A134D0-320D-450F-A73D-FED1E4CF7770}"
EndProject
Global
	GlobalSection(SolutionConfigurationPlatforms) = preSolution
		Debug|Any CPU = Debug|Any CPU
		Release|Any CPU = Release|Any CPU
	EndGlobalSection
	GlobalSection(ProjectConfigurationPlatforms) = postSolution
		{07E09956-129C-41C9-A78E-34884DCEDB90}.Debug|Any CPU.ActiveCfg = Debug|Any CPU
		{07E09956-129C-41C9-A78E-34884DCEDB90}.Debug|Any CPU.Build.0 = Debug|Any CPU
		{07E09956-129C-41C9-A78E-34884DCEDB90}.Release|Any CPU.ActiveCfg = Release|Any CPU
		{07E09956-129C-41C9-A78E-34884DCEDB90}.Release|Any CPU.Build.0 = Release|Any CPU
		{6ACBD0AA-0F85-4EAB-A9FB-7A5909397A9C}.Debug|Any CPU.ActiveCfg = Debug|Any CPU
		{6ACBD0AA-0F85-4EAB-A9FB-7A5909397A9C}.Debug|Any CPU.Build.0 = Debug|Any CPU
		{6ACBD0AA-0F85-4EAB-A9FB-7A5909397A9C}.Release|Any CPU.ActiveCfg = Release|Any CPU
		{6ACBD0AA-0F85-4EAB-A9FB-7A5909397A9C}.Release|Any CPU.Build.0 = Release|Any CPU
		{9C75BCA2-FBBD-4A68-BE06-E684EA103B01}.Debug|Any CPU.ActiveCfg = Debug|Any CPU
		{9C75BCA2-FBBD-4A68-BE06-E684EA103B01}.Debug|Any CPU.Build.0 = Debug|Any CPU
		{9C75BCA2-FBBD-4A68-BE06-E684EA103B01}.Release|Any CPU.ActiveCfg = Release|Any CPU
		{9C75BCA2-FBBD-4A68-BE06-E684EA103B01}.Release|Any CPU.Build.0 = Release|Any CPU
		{6AAEB6C3-0BD0-4071-AA5D-1575082796F8}.Debug|Any CPU.ActiveCfg = Debug|Any CPU
		{6AAEB6C3-0BD0-4071-AA5D-1575082796F8}.Debug|Any CPU.Build.0 = Debug|Any CPU
		{6AAEB6C3-0BD0-4071-AA5D-1575082796F8}.Release|Any CPU.ActiveCfg = Release|Any CPU
		{6AAEB6C3-0BD0-4071-AA5D-1575082796F8}.Release|Any CPU.Build.0 = Release|Any CPU
		{A1A134D0-320D-450F-A73D-FED1E4CF7770}.Debug|Any CPU.ActiveCfg = Debug|Any CPU
		{A1A134D0-320D-450F-A73D-FED1E4CF7770}.Debug|Any CPU.Build.0 = Debug|Any CPU
		{A1A134D0-320D-450F-A73D-FED1E4CF7770}.Release|Any CPU.ActiveCfg = Release|Any CPU
		{A1A134D0-320D-450F-A73D-FED1E4CF7770}.Release|Any CPU.Build.0 = Release|Any CPU
	EndGlobalSection
	GlobalSection(SolutionProperties) = preSolution
		HideSolutionNode = FALSE
	EndGlobalSection
EndGlobal
